{
  "name": "svg.js-linked-list",
  "version": "1.0.0",
  "lockfileVersion": 2,
  "requires": true,
  "type": "module",
  "packages": {
    "": {
      "name": "svg.js-linked-list",
      "version": "1.0.0",
      "license": "ISC",
      "dependencies": {
        "@svgdotjs/svg.js": "^3.1.2",
        "snapsvg": "^0.5.1"
      }
    },
    "node_modules/@svgdotjs/svg.js": {
      "version": "3.1.2",
      "resolved": "https://registry.npmjs.org/@svgdotjs/svg.js/-/svg.js-3.1.2.tgz",
      "integrity": "sha512-0ZCWTiuRjCXT2SUoVDiu+8DLuRQlkxZbO680Y2QkV7jNsULzJajrx6A3MxA/IBQg6UGV5csgPZ8w7U57hZSK+A==",
      "funding": {
        "type": "github",
        "url": "https://github.com/sponsors/Fuzzyma"
      }
    },
    "node_modules/eve": {
      "version": "0.5.4",
      "resolved": "https://registry.npmjs.org/eve/-/eve-0.5.4.tgz",
      "integrity": "sha512-aqprQ9MAOh1t66PrHxDFmMXPlgNO6Uv1uqvxmwjprQV50jaQ2RqO7O1neY4PJwC+hMnkyMDphu2AQPOPZdjQog=="
    },
    "node_modules/snapsvg": {
      "version": "0.5.1",
      "resolved": "https://registry.npmjs.org/snapsvg/-/snapsvg-0.5.1.tgz",
      "integrity": "sha512-CjwWYsL7+CCk1vCk9BBKGYS4WJVDfJAOMWU+Zhzf8wf6pAm/xT34wnpaMPAgcgCNkxuU6OkQPPd8wGuRCY9aNw==",
      "dependencies": {
        "eve": "~0.5.1"
      }
    }
  },
  "dependencies": {
    "@svgdotjs/svg.js": {
      "version": "3.1.2",
      "resolved": "https://registry.npmjs.org/@svgdotjs/svg.js/-/svg.js-3.1.2.tgz",
      "integrity": "sha512-0ZCWTiuRjCXT2SUoVDiu+8DLuRQlkxZbO680Y2QkV7jNsULzJajrx6A3MxA/IBQg6UGV5csgPZ8w7U57hZSK+A=="
    },
    "eve": {
      "version": "0.5.4",
      "resolved": "https://registry.npmjs.org/eve/-/eve-0.5.4.tgz",
      "integrity": "sha512-aqprQ9MAOh1t66PrHxDFmMXPlgNO6Uv1uqvxmwjprQV50jaQ2RqO7O1neY4PJwC+hMnkyMDphu2AQPOPZdjQog=="
    },
    "snapsvg": {
      "version": "0.5.1",
      "resolved": "https://registry.npmjs.org/snapsvg/-/snapsvg-0.5.1.tgz",
      "integrity": "sha512-CjwWYsL7+CCk1vCk9BBKGYS4WJVDfJAOMWU+Zhzf8wf6pAm/xT34wnpaMPAgcgCNkxuU6OkQPPd8wGuRCY9aNw==",
      "requires": {
        "eve": "~0.5.1"
      }
    }
  }
}
